
Microsoft Visual Studio Solution File, Format Version 12.00
# Visual Studio 15
VisualStudioVersion = 15.0.28307.489
MinimumVisualStudioVersion = 10.0.40219.1
Project("{2150E333-8FDC-42A3-9474-1A3956D46DE8}") = "2. Application", "2. Application", "{3D4D37CA-D430-4ACE-AEB4-76890AC3EEF1}"
EndProject
Project("{2150E333-8FDC-42A3-9474-1A3956D46DE8}") = "3. Domain", "3. Domain", "{23E2D49A-D0ED-476B-82A3-30B66778AB84}"
EndProject
Project("{2150E333-8FDC-42A3-9474-1A3956D46DE8}") = "4. Infrastructure", "4. Infrastructure", "{847CF37C-CAD8-4BD6-B3D2-461DC5732ECA}"
EndProject
Project("{9A19103F-16F7-4668-BE54-9A1E7A4F7556}") = "SnmpTool.Domain", "SnmpTool.Domain\SnmpTool.Domain.csproj", "{BB9ECA7A-2A3B-49CC-B6E7-390F2D0128B4}"
EndProject
Project("{9A19103F-16F7-4668-BE54-9A1E7A4F7556}") = "SnmpTool.Infra.SnmpReader", "SnmpTool.Infra.SnmpReader\SnmpTool.Infra.SnmpReader.csproj", "{519490E1-59D1-4872-BB60-F85A896CC965}"
EndProject
Project("{9A19103F-16F7-4668-BE54-9A1E7A4F7556}") = "SnmpTool.Application", "SnmpTool.Application\SnmpTool.Application.csproj", "{1715D5AC-8514-40A8-8A7C-C09EBA5E9D5F}"
EndProject
Project("{2150E333-8FDC-42A3-9474-1A3956D46DE8}") = "1 . Distributed Services", "1 . Distributed Services", "{B6EEB680-BAA8-40B4-A815-FBDCFD3021D5}"
EndProject
Project("{9A19103F-16F7-4668-BE54-9A1E7A4F7556}") = "SnmpTool.API", "SnmpTool.API\SnmpTool.API.csproj", "{1B35D330-1F2A-4D8A-8A7E-F01FB63F3215}"
EndProject
Global
	GlobalSection(SolutionConfigurationPlatforms) = preSolution
		Debug|Any CPU = Debug|Any CPU
		Release|Any CPU = Release|Any CPU
	EndGlobalSection
	GlobalSection(ProjectConfigurationPlatforms) = postSolution
		{BB9ECA7A-2A3B-49CC-B6E7-390F2D0128B4}.Debug|Any CPU.ActiveCfg = Debug|Any CPU
		{BB9ECA7A-2A3B-49CC-B6E7-390F2D0128B4}.Debug|Any CPU.Build.0 = Debug|Any CPU
		{BB9ECA7A-2A3B-49CC-B6E7-390F2D0128B4}.Release|Any CPU.ActiveCfg = Release|Any CPU
		{BB9ECA7A-2A3B-49CC-B6E7-390F2D0128B4}.Release|Any CPU.Build.0 = Release|Any CPU
		{519490E1-59D1-4872-BB60-F85A896CC965}.Debug|Any CPU.ActiveCfg = Debug|Any CPU
		{519490E1-59D1-4872-BB60-F85A896CC965}.Debug|Any CPU.Build.0 = Debug|Any CPU
		{519490E1-59D1-4872-BB60-F85A896CC965}.Release|Any CPU.ActiveCfg = Release|Any CPU
		{519490E1-59D1-4872-BB60-F85A896CC965}.Release|Any CPU.Build.0 = Release|Any CPU
		{1715D5AC-8514-40A8-8A7C-C09EBA5E9D5F}.Debug|Any CPU.ActiveCfg = Debug|Any CPU
		{1715D5AC-8514-40A8-8A7C-C09EBA5E9D5F}.Debug|Any CPU.Build.0 = Debug|Any CPU
		{1715D5AC-8514-40A8-8A7C-C09EBA5E9D5F}.Release|Any CPU.ActiveCfg = Release|Any CPU
		{1715D5AC-8514-40A8-8A7C-C09EBA5E9D5F}.Release|Any CPU.Build.0 = Release|Any CPU
		{1B35D330-1F2A-4D8A-8A7E-F01FB63F3215}.Debug|Any CPU.ActiveCfg = Debug|Any CPU
		{1B35D330-1F2A-4D8A-8A7E-F01FB63F3215}.Debug|Any CPU.Build.0 = Debug|Any CPU
		{1B35D330-1F2A-4D8A-8A7E-F01FB63F3215}.Release|Any CPU.ActiveCfg = Release|Any CPU
		{1B35D330-1F2A-4D8A-8A7E-F01FB63F3215}.Release|Any CPU.Build.0 = Release|Any CPU
	EndGlobalSection
	GlobalSection(SolutionProperties) = preSolution
		HideSolutionNode = FALSE
	EndGlobalSection
	GlobalSection(NestedProjects) = preSolution
		{BB9ECA7A-2A3B-49CC-B6E7-390F2D0128B4} = {23E2D49A-D0ED-476B-82A3-30B66778AB84}
		{519490E1-59D1-4872-BB60-F85A896CC965} = {847CF37C-CAD8-4BD6-B3D2-461DC5732ECA}
		{1715D5AC-8514-40A8-8A7C-C09EBA5E9D5F} = {3D4D37CA-D430-4ACE-AEB4-76890AC3EEF1}
		{1B35D330-1F2A-4D8A-8A7E-F01FB63F3215} = {B6EEB680-BAA8-40B4-A815-FBDCFD3021D5}
	EndGlobalSection
	GlobalSection(ExtensibilityGlobals) = postSolution
		SolutionGuid = {EF5CDA28-624F-4E38-ABAC-9D87C66AD349}
	EndGlobalSection
EndGlobal
